
Microsoft Visual Studio Solution File, Format Version 12.00
# Visual Studio 15
VisualStudioVersion = 15.0.26430.4
MinimumVisualStudioVersion = 10.0.40219.1
Project("{FAE04EC0-301F-11D3-BF4B-00C04F79EFBC}") = "MultipleCol", "MultipleCol\MultipleCol.csproj", "{84AA75DF-A7D3-4377-B295-EA42977B80BC}"
EndProject
Project("{FAE04EC0-301F-11D3-BF4B-00C04F79EFBC}") = "SingleCol", "SingleCol\SingleCol.csproj", "{C9055173-8572-4ECA-B515-1F4BED58AB2F}"
EndProject
Project("{FAE04EC0-301F-11D3-BF4B-00C04F79EFBC}") = "DataManager", "DataManager\DataManager.csproj", "{DE6647A7-44AB-4B3A-96AB-0D39B10CD865}"
EndProject
Global
	GlobalSection(SolutionConfigurationPlatforms) = preSolution
		Debug|Any CPU = Debug|Any CPU
		Release|Any CPU = Release|Any CPU
	EndGlobalSection
	GlobalSection(ProjectConfigurationPlatforms) = postSolution
		{84AA75DF-A7D3-4377-B295-EA42977B80BC}.Debug|Any CPU.ActiveCfg = Debug|Any CPU
		{84AA75DF-A7D3-4377-B295-EA42977B80BC}.Debug|Any CPU.Build.0 = Debug|Any CPU
		{84AA75DF-A7D3-4377-B295-EA42977B80BC}.Release|Any CPU.ActiveCfg = Release|Any CPU
		{84AA75DF-A7D3-4377-B295-EA42977B80BC}.Release|Any CPU.Build.0 = Release|Any CPU
		{C9055173-8572-4ECA-B515-1F4BED58AB2F}.Debug|Any CPU.ActiveCfg = Debug|Any CPU
		{C9055173-8572-4ECA-B515-1F4BED58AB2F}.Debug|Any CPU.Build.0 = Debug|Any CPU
		{C9055173-8572-4ECA-B515-1F4BED58AB2F}.Release|Any CPU.ActiveCfg = Release|Any CPU
		{C9055173-8572-4ECA-B515-1F4BED58AB2F}.Release|Any CPU.Build.0 = Release|Any CPU
		{DE6647A7-44AB-4B3A-96AB-0D39B10CD865}.Debug|Any CPU.ActiveCfg = Debug|Any CPU
		{DE6647A7-44AB-4B3A-96AB-0D39B10CD865}.Debug|Any CPU.Build.0 = Debug|Any CPU
		{DE6647A7-44AB-4B3A-96AB-0D39B10CD865}.Release|Any CPU.ActiveCfg = Release|Any CPU
		{DE6647A7-44AB-4B3A-96AB-0D39B10CD865}.Release|Any CPU.Build.0 = Release|Any CPU
	EndGlobalSection
	GlobalSection(SolutionProperties) = preSolution
		HideSolutionNode = FALSE
	EndGlobalSection
EndGlobal
